
Microsoft Visual Studio Solution File, Format Version 12.00
# Visual Studio 15
VisualStudioVersion = 15.0.28307.136
MinimumVisualStudioVersion = 10.0.40219.1
Project("{2150E333-8FDC-42A3-9474-1A3956D46DE8}") = "Web", "Web", "{F8FF4B4A-1554-4AE8-83EB-C942630F3BB9}"
EndProject
Project("{9A19103F-16F7-4668-BE54-9A1E7A4F7556}") = "Sportify.Web", "Web\Sportify.Web\Sportify.Web.csproj", "{90144355-A70A-435D-93E3-D945E3A75AF7}"
EndProject
Project("{2150E333-8FDC-42A3-9474-1A3956D46DE8}") = "Data", "Data", "{C693A075-A713-40BA-B0D3-F9FBE694557E}"
EndProject
Project("{9A19103F-16F7-4668-BE54-9A1E7A4F7556}") = "Sportify.Data.Models", "Data\Sportify.Data.Models\Sportify.Data.Models.csproj", "{FE1F2416-12F4-43F3-AD90-2F1BD08DCCEE}"
EndProject
Project("{2150E333-8FDC-42A3-9474-1A3956D46DE8}") = "Common", "Common", "{AA2F505F-B9B7-4BC2-A66F-DA68E473F97E}"
EndProject
Project("{9A19103F-16F7-4668-BE54-9A1E7A4F7556}") = "Sportify.Common.Crawlers", "Common\Sportify.Common.Crawlers\Sportify.Common.Crawlers.csproj", "{04C06984-BCF2-4643-84FF-02B4B0CF1C01}"
EndProject
Project("{9A19103F-16F7-4668-BE54-9A1E7A4F7556}") = "Sportify.Data", "Data\Sportify.Data\Sportify.Data.csproj", "{FC385363-1ABB-4447-A3DE-23B69D54E1CC}"
EndProject
Project("{2150E333-8FDC-42A3-9474-1A3956D46DE8}") = "Services", "Services", "{0F9BDC77-4FCA-4BD9-91E7-EB98EA6596B2}"
EndProject
Project("{9A19103F-16F7-4668-BE54-9A1E7A4F7556}") = "Sportify.Services", "Services\Sportify.Services\Sportify.Services.csproj", "{A6EDD34D-B873-4C04-A16A-200C594B4C2A}"
EndProject
Project("{9A19103F-16F7-4668-BE54-9A1E7A4F7556}") = "Sportify.Data.ViewModels", "Data\Sportify.Data.ViewModels\Sportify.Data.ViewModels.csproj", "{D81739C8-DA91-4B54-BA60-C43CE6123EC0}"
EndProject
Project("{9A19103F-16F7-4668-BE54-9A1E7A4F7556}") = "Sportify.AutoMapper", "Services\Sportify.AutoMapper\Sportify.AutoMapper.csproj", "{A0211E0E-8821-41AB-AB16-E914751FBC13}"
EndProject
Project("{9A19103F-16F7-4668-BE54-9A1E7A4F7556}") = "Sportify.Constants", "Common\Sportify.Constants\Sportify.Constants.csproj", "{9C49F958-CD59-4822-981F-EDC380E7AC9F}"
EndProject
Project("{2150E333-8FDC-42A3-9474-1A3956D46DE8}") = "Tests", "Tests", "{66A0EE07-FBDF-46A0-B62D-D60DC03D9B29}"
EndProject
Project("{9A19103F-16F7-4668-BE54-9A1E7A4F7556}") = "Sportify.Tests", "Tests\Sportify.Tests\Sportify.Tests.csproj", "{CDC49E56-72F9-4BDE-8474-1A531D6C200F}"
EndProject
Project("{9A19103F-16F7-4668-BE54-9A1E7A4F7556}") = "WebApplication1", "WebApplication1\WebApplication1.csproj", "{FE64F95E-81DE-495E-8EE8-FB3B07B3B378}"
EndProject
Global
	GlobalSection(SolutionConfigurationPlatforms) = preSolution
		Debug|Any CPU = Debug|Any CPU
		Release|Any CPU = Release|Any CPU
	EndGlobalSection
	GlobalSection(ProjectConfigurationPlatforms) = postSolution
		{90144355-A70A-435D-93E3-D945E3A75AF7}.Debug|Any CPU.ActiveCfg = Debug|Any CPU
		{90144355-A70A-435D-93E3-D945E3A75AF7}.Debug|Any CPU.Build.0 = Debug|Any CPU
		{90144355-A70A-435D-93E3-D945E3A75AF7}.Release|Any CPU.ActiveCfg = Release|Any CPU
		{90144355-A70A-435D-93E3-D945E3A75AF7}.Release|Any CPU.Build.0 = Release|Any CPU
		{FE1F2416-12F4-43F3-AD90-2F1BD08DCCEE}.Debug|Any CPU.ActiveCfg = Debug|Any CPU
		{FE1F2416-12F4-43F3-AD90-2F1BD08DCCEE}.Debug|Any CPU.Build.0 = Debug|Any CPU
		{FE1F2416-12F4-43F3-AD90-2F1BD08DCCEE}.Release|Any CPU.ActiveCfg = Release|Any CPU
		{FE1F2416-12F4-43F3-AD90-2F1BD08DCCEE}.Release|Any CPU.Build.0 = Release|Any CPU
		{04C06984-BCF2-4643-84FF-02B4B0CF1C01}.Debug|Any CPU.ActiveCfg = Debug|Any CPU
		{04C06984-BCF2-4643-84FF-02B4B0CF1C01}.Debug|Any CPU.Build.0 = Debug|Any CPU
		{04C06984-BCF2-4643-84FF-02B4B0CF1C01}.Release|Any CPU.ActiveCfg = Release|Any CPU
		{04C06984-BCF2-4643-84FF-02B4B0CF1C01}.Release|Any CPU.Build.0 = Release|Any CPU
		{FC385363-1ABB-4447-A3DE-23B69D54E1CC}.Debug|Any CPU.ActiveCfg = Debug|Any CPU
		{FC385363-1ABB-4447-A3DE-23B69D54E1CC}.Debug|Any CPU.Build.0 = Debug|Any CPU
		{FC385363-1ABB-4447-A3DE-23B69D54E1CC}.Release|Any CPU.ActiveCfg = Release|Any CPU
		{FC385363-1ABB-4447-A3DE-23B69D54E1CC}.Release|Any CPU.Build.0 = Release|Any CPU
		{A6EDD34D-B873-4C04-A16A-200C594B4C2A}.Debug|Any CPU.ActiveCfg = Debug|Any CPU
		{A6EDD34D-B873-4C04-A16A-200C594B4C2A}.Debug|Any CPU.Build.0 = Debug|Any CPU
		{A6EDD34D-B873-4C04-A16A-200C594B4C2A}.Release|Any CPU.ActiveCfg = Release|Any CPU
		{A6EDD34D-B873-4C04-A16A-200C594B4C2A}.Release|Any CPU.Build.0 = Release|Any CPU
		{D81739C8-DA91-4B54-BA60-C43CE6123EC0}.Debug|Any CPU.ActiveCfg = Debug|Any CPU
		{D81739C8-DA91-4B54-BA60-C43CE6123EC0}.Debug|Any CPU.Build.0 = Debug|Any CPU
		{D81739C8-DA91-4B54-BA60-C43CE6123EC0}.Release|Any CPU.ActiveCfg = Release|Any CPU
		{D81739C8-DA91-4B54-BA60-C43CE6123EC0}.Release|Any CPU.Build.0 = Release|Any CPU
		{A0211E0E-8821-41AB-AB16-E914751FBC13}.Debug|Any CPU.ActiveCfg = Debug|Any CPU
		{A0211E0E-8821-41AB-AB16-E914751FBC13}.Debug|Any CPU.Build.0 = Debug|Any CPU
		{A0211E0E-8821-41AB-AB16-E914751FBC13}.Release|Any CPU.ActiveCfg = Release|Any CPU
		{A0211E0E-8821-41AB-AB16-E914751FBC13}.Release|Any CPU.Build.0 = Release|Any CPU
		{9C49F958-CD59-4822-981F-EDC380E7AC9F}.Debug|Any CPU.ActiveCfg = Debug|Any CPU
		{9C49F958-CD59-4822-981F-EDC380E7AC9F}.Debug|Any CPU.Build.0 = Debug|Any CPU
		{9C49F958-CD59-4822-981F-EDC380E7AC9F}.Release|Any CPU.ActiveCfg = Release|Any CPU
		{9C49F958-CD59-4822-981F-EDC380E7AC9F}.Release|Any CPU.Build.0 = Release|Any CPU
		{CDC49E56-72F9-4BDE-8474-1A531D6C200F}.Debug|Any CPU.ActiveCfg = Debug|Any CPU
		{CDC49E56-72F9-4BDE-8474-1A531D6C200F}.Debug|Any CPU.Build.0 = Debug|Any CPU
		{CDC49E56-72F9-4BDE-8474-1A531D6C200F}.Release|Any CPU.ActiveCfg = Release|Any CPU
		{CDC49E56-72F9-4BDE-8474-1A531D6C200F}.Release|Any CPU.Build.0 = Release|Any CPU
		{FE64F95E-81DE-495E-8EE8-FB3B07B3B378}.Debug|Any CPU.ActiveCfg = Debug|Any CPU
		{FE64F95E-81DE-495E-8EE8-FB3B07B3B378}.Debug|Any CPU.Build.0 = Debug|Any CPU
		{FE64F95E-81DE-495E-8EE8-FB3B07B3B378}.Release|Any CPU.ActiveCfg = Release|Any CPU
		{FE64F95E-81DE-495E-8EE8-FB3B07B3B378}.Release|Any CPU.Build.0 = Release|Any CPU
	EndGlobalSection
	GlobalSection(SolutionProperties) = preSolution
		HideSolutionNode = FALSE
	EndGlobalSection
	GlobalSection(NestedProjects) = preSolution
		{90144355-A70A-435D-93E3-D945E3A75AF7} = {F8FF4B4A-1554-4AE8-83EB-C942630F3BB9}
		{FE1F2416-12F4-43F3-AD90-2F1BD08DCCEE} = {C693A075-A713-40BA-B0D3-F9FBE694557E}
		{04C06984-BCF2-4643-84FF-02B4B0CF1C01} = {AA2F505F-B9B7-4BC2-A66F-DA68E473F97E}
		{FC385363-1ABB-4447-A3DE-23B69D54E1CC} = {C693A075-A713-40BA-B0D3-F9FBE694557E}
		{A6EDD34D-B873-4C04-A16A-200C594B4C2A} = {0F9BDC77-4FCA-4BD9-91E7-EB98EA6596B2}
		{D81739C8-DA91-4B54-BA60-C43CE6123EC0} = {C693A075-A713-40BA-B0D3-F9FBE694557E}
		{A0211E0E-8821-41AB-AB16-E914751FBC13} = {0F9BDC77-4FCA-4BD9-91E7-EB98EA6596B2}
		{9C49F958-CD59-4822-981F-EDC380E7AC9F} = {AA2F505F-B9B7-4BC2-A66F-DA68E473F97E}
		{CDC49E56-72F9-4BDE-8474-1A531D6C200F} = {66A0EE07-FBDF-46A0-B62D-D60DC03D9B29}
		{FE64F95E-81DE-495E-8EE8-FB3B07B3B378} = {F8FF4B4A-1554-4AE8-83EB-C942630F3BB9}
	EndGlobalSection
	GlobalSection(ExtensibilityGlobals) = postSolution
		SolutionGuid = {B8B2E608-4FF4-457D-B828-4ADEDF86EAFE}
	EndGlobalSection
EndGlobal
