
Microsoft Visual Studio Solution File, Format Version 12.00
# Visual Studio 15
VisualStudioVersion = 15.0.28307.136
MinimumVisualStudioVersion = 10.0.40219.1
Project("{2150E333-8FDC-42A3-9474-1A3956D46DE8}") = "Web", "Web", "{F8FF4B4A-1554-4AE8-83EB-C942630F3BB9}"
EndProject
Project("{9A19103F-16F7-4668-BE54-9A1E7A4F7556}") = "Sportify.Web", "Web\Sportify.Web\Sportify.Web.csproj", "{90144355-A70A-435D-93E3-D945E3A75AF7}"
EndProject
Project("{2150E333-8FDC-42A3-9474-1A3956D46DE8}") = "Data", "Data", "{C693A075-A713-40BA-B0D3-F9FBE694557E}"
EndProject
Project("{9A19103F-16F7-4668-BE54-9A1E7A4F7556}") = "Sportify.Data.Models", "Data\Sportify.Data.Models\Sportify.Data.Models.csproj", "{FE1F2416-12F4-43F3-AD90-2F1BD08DCCEE}"
EndProject
Project("{2150E333-8FDC-42A3-9474-1A3956D46DE8}") = "Common", "Common", "{AA2F505F-B9B7-4BC2-A66F-DA68E473F97E}"
EndProject
Project("{9A19103F-16F7-4668-BE54-9A1E7A4F7556}") = "Sportify.Common.Crawlers", "Common\Sportify.Common.Crawlers\Sportify.Common.Crawlers.csproj", "{04C06984-BCF2-4643-84FF-02B4B0CF1C01}"
EndProject
Project("{FAE04EC0-301F-11D3-BF4B-00C04F79EFBC}") = "Sportify.Data", "Data\Sportify.Data\Sportify.Data.csproj", "{FC385363-1ABB-4447-A3DE-23B69D54E1CC}"
EndProject
Project("{2150E333-8FDC-42A3-9474-1A3956D46DE8}") = "Services", "Services", "{0F9BDC77-4FCA-4BD9-91E7-EB98EA6596B2}"
EndProject
Project("{FAE04EC0-301F-11D3-BF4B-00C04F79EFBC}") = "Sportify.Services", "Services\Sportify.Services\Sportify.Services.csproj", "{A6EDD34D-B873-4C04-A16A-200C594B4C2A}"
EndProject
Global
	GlobalSection(SolutionConfigurationPlatforms) = preSolution
		Debug|Any CPU = Debug|Any CPU
		Release|Any CPU = Release|Any CPU
	EndGlobalSection
	GlobalSection(ProjectConfigurationPlatforms) = postSolution
		{90144355-A70A-435D-93E3-D945E3A75AF7}.Debug|Any CPU.ActiveCfg = Debug|Any CPU
		{90144355-A70A-435D-93E3-D945E3A75AF7}.Debug|Any CPU.Build.0 = Debug|Any CPU
		{90144355-A70A-435D-93E3-D945E3A75AF7}.Release|Any CPU.ActiveCfg = Release|Any CPU
		{90144355-A70A-435D-93E3-D945E3A75AF7}.Release|Any CPU.Build.0 = Release|Any CPU
		{FE1F2416-12F4-43F3-AD90-2F1BD08DCCEE}.Debug|Any CPU.ActiveCfg = Debug|Any CPU
		{FE1F2416-12F4-43F3-AD90-2F1BD08DCCEE}.Debug|Any CPU.Build.0 = Debug|Any CPU
		{FE1F2416-12F4-43F3-AD90-2F1BD08DCCEE}.Release|Any CPU.ActiveCfg = Release|Any CPU
		{FE1F2416-12F4-43F3-AD90-2F1BD08DCCEE}.Release|Any CPU.Build.0 = Release|Any CPU
		{04C06984-BCF2-4643-84FF-02B4B0CF1C01}.Debug|Any CPU.ActiveCfg = Debug|Any CPU
		{04C06984-BCF2-4643-84FF-02B4B0CF1C01}.Debug|Any CPU.Build.0 = Debug|Any CPU
		{04C06984-BCF2-4643-84FF-02B4B0CF1C01}.Release|Any CPU.ActiveCfg = Release|Any CPU
		{04C06984-BCF2-4643-84FF-02B4B0CF1C01}.Release|Any CPU.Build.0 = Release|Any CPU
		{FC385363-1ABB-4447-A3DE-23B69D54E1CC}.Debug|Any CPU.ActiveCfg = Debug|Any CPU
		{FC385363-1ABB-4447-A3DE-23B69D54E1CC}.Debug|Any CPU.Build.0 = Debug|Any CPU
		{FC385363-1ABB-4447-A3DE-23B69D54E1CC}.Release|Any CPU.ActiveCfg = Release|Any CPU
		{FC385363-1ABB-4447-A3DE-23B69D54E1CC}.Release|Any CPU.Build.0 = Release|Any CPU
		{A6EDD34D-B873-4C04-A16A-200C594B4C2A}.Debug|Any CPU.ActiveCfg = Debug|Any CPU
		{A6EDD34D-B873-4C04-A16A-200C594B4C2A}.Debug|Any CPU.Build.0 = Debug|Any CPU
		{A6EDD34D-B873-4C04-A16A-200C594B4C2A}.Release|Any CPU.ActiveCfg = Release|Any CPU
		{A6EDD34D-B873-4C04-A16A-200C594B4C2A}.Release|Any CPU.Build.0 = Release|Any CPU
	EndGlobalSection
	GlobalSection(SolutionProperties) = preSolution
		HideSolutionNode = FALSE
	EndGlobalSection
	GlobalSection(NestedProjects) = preSolution
		{90144355-A70A-435D-93E3-D945E3A75AF7} = {F8FF4B4A-1554-4AE8-83EB-C942630F3BB9}
		{FE1F2416-12F4-43F3-AD90-2F1BD08DCCEE} = {C693A075-A713-40BA-B0D3-F9FBE694557E}
		{04C06984-BCF2-4643-84FF-02B4B0CF1C01} = {AA2F505F-B9B7-4BC2-A66F-DA68E473F97E}
		{FC385363-1ABB-4447-A3DE-23B69D54E1CC} = {C693A075-A713-40BA-B0D3-F9FBE694557E}
		{A6EDD34D-B873-4C04-A16A-200C594B4C2A} = {0F9BDC77-4FCA-4BD9-91E7-EB98EA6596B2}
	EndGlobalSection
	GlobalSection(ExtensibilityGlobals) = postSolution
		SolutionGuid = {B8B2E608-4FF4-457D-B828-4ADEDF86EAFE}
	EndGlobalSection
EndGlobal
